// !$*UTF8*$!
{
	archiveVersion = 1;
	classes = {
	};
	objectVersion = 50;
	objects = {

/* Begin PBXBuildFile section */
		DDC14F692178D7CC00043214 /* AppDelegate.swift in Sources */ = {isa = PBXBuildFile; fileRef = DDC14F682178D7CC00043214 /* AppDelegate.swift */; };
		DDC14F6B2178D7CC00043214 /* ViewController.swift in Sources */ = {isa = PBXBuildFile; fileRef = DDC14F6A2178D7CC00043214 /* ViewController.swift */; };
		DDC14F6E2178D7CC00043214 /* Main.storyboard in Resources */ = {isa = PBXBuildFile; fileRef = DDC14F6C2178D7CC00043214 /* Main.storyboard */; };
		DDC14F702178D7CE00043214 /* Assets.xcassets in Resources */ = {isa = PBXBuildFile; fileRef = DDC14F6F2178D7CE00043214 /* Assets.xcassets */; };
		DDC14F732178D7CE00043214 /* LaunchScreen.storyboard in Resources */ = {isa = PBXBuildFile; fileRef = DDC14F712178D7CE00043214 /* LaunchScreen.storyboard */; };
		DDC14F7B217A2A9B00043214 /* AddQuestionViewControlerViewController.swift in Sources */ = {isa = PBXBuildFile; fileRef = DDC14F7A217A2A9B00043214 /* AddQuestionViewControlerViewController.swift */; };
		DDC14F7D217A2B6B00043214 /* QuestionClass.swift in Sources */ = {isa = PBXBuildFile; fileRef = DDC14F7C217A2B6B00043214 /* QuestionClass.swift */; };
/* End PBXBuildFile section */

/* Begin PBXFileReference section */
		DDC14F652178D7CC00043214 /* iOS Triva Game.app */ = {isa = PBXFileReference; explicitFileType = wrapper.application; includeInIndex = 0; path = "iOS Triva Game.app"; sourceTree = BUILT_PRODUCTS_DIR; };
		DDC14F682178D7CC00043214 /* AppDelegate.swift */ = {isa = PBXFileReference; lastKnownFileType = sourcecode.swift; path = AppDelegate.swift; sourceTree = "<group>"; };
		DDC14F6A2178D7CC00043214 /* ViewController.swift */ = {isa = PBXFileReference; lastKnownFileType = sourcecode.swift; path = ViewController.swift; sourceTree = "<group>"; };
		DDC14F6D2178D7CC00043214 /* Base */ = {isa = PBXFileReference; lastKnownFileType = file.storyboard; name = Base; path = Base.lproj/Main.storyboard; sourceTree = "<group>"; };
		DDC14F6F2178D7CE00043214 /* Assets.xcassets */ = {isa = PBXFileReference; lastKnownFileType = folder.assetcatalog; path = Assets.xcassets; sourceTree = "<group>"; };
		DDC14F722178D7CE00043214 /* Base */ = {isa = PBXFileReference; lastKnownFileType = file.storyboard; name = Base; path = Base.lproj/LaunchScreen.storyboard; sourceTree = "<group>"; };
		DDC14F742178D7CE00043214 /* Info.plist */ = {isa = PBXFileReference; lastKnownFileType = text.plist.xml; path = Info.plist; sourceTree = "<group>"; };
		DDC14F7A217A2A9B00043214 /* AddQuestionViewControlerViewController.swift */ = {isa = PBXFileReference; lastKnownFileType = sourcecode.swift; path = AddQuestionViewControlerViewController.swift; sourceTree = "<group>"; };
		DDC14F7C217A2B6B00043214 /* QuestionClass.swift */ = {isa = PBXFileReference; lastKnownFileType = sourcecode.swift; path = QuestionClass.swift; sourceTree = "<group>"; };
/* End PBXFileReference section */

/* Begin PBXFrameworksBuildPhase section */
		DDC14F622178D7CC00043214 /* Frameworks */ = {
			isa = PBXFrameworksBuildPhase;
			buildActionMask = 2147483647;
			files = (
			);
			runOnlyForDeploymentPostprocessing = 0;
		};
/* End PBXFrameworksBuildPhase section */

/* Begin PBXGroup section */
		DDC14F5C2178D7CC00043214 = {
			isa = PBXGroup;
			children = (
				DDC14F672178D7CC00043214 /* iOS Triva Game */,
				DDC14F662178D7CC00043214 /* Products */,
			);
			sourceTree = "<group>";
		};
		DDC14F662178D7CC00043214 /* Products */ = {
			isa = PBXGroup;
			children = (
				DDC14F652178D7CC00043214 /* iOS Triva Game.app */,
			);
			name = Products;
			sourceTree = "<group>";
		};
		DDC14F672178D7CC00043214 /* iOS Triva Game */ = {
			isa = PBXGroup;
			children = (
				DDC14F682178D7CC00043214 /* AppDelegate.swift */,
				DDC14F7A217A2A9B00043214 /* AddQuestionViewControlerViewController.swift */,
				DDC14F6A2178D7CC00043214 /* ViewController.swift */,
				DDC14F7C217A2B6B00043214 /* QuestionClass.swift */,
				DDC14F6C2178D7CC00043214 /* Main.storyboard */,
				DDC14F6F2178D7CE00043214 /* Assets.xcassets */,
				DDC14F712178D7CE00043214 /* LaunchScreen.storyboard */,
				DDC14F742178D7CE00043214 /* Info.plist */,
			);
			path = "iOS Triva Game";
			sourceTree = "<group>";
		};
/* End PBXGroup section */

/* Begin PBXNativeTarget section */
		DDC14F642178D7CC00043214 /* iOS Triva Game */ = {
			isa = PBXNativeTarget;
			buildConfigurationList = DDC14F772178D7CE00043214 /* Build configuration list for PBXNativeTarget "iOS Triva Game" */;
			buildPhases = (
				DDC14F612178D7CC00043214 /* Sources */,
				DDC14F622178D7CC00043214 /* Frameworks */,
				DDC14F632178D7CC00043214 /* Resources */,
			);
			buildRules = (
			);
			dependencies = (
			);
			name = "iOS Triva Game";
			productName = "iOS Triva Game";
			productReference = DDC14F652178D7CC00043214 /* iOS Triva Game.app */;
			productType = "com.apple.product-type.application";
		};
/* End PBXNativeTarget section */

/* Begin PBXProject section */
		DDC14F5D2178D7CC00043214 /* Project object */ = {
			isa = PBXProject;
			attributes = {
				LastSwiftUpdateCheck = 1000;
				LastUpgradeCheck = 1000;
				ORGANIZATIONNAME = "Christian Lamb";
				TargetAttributes = {
					DDC14F642178D7CC00043214 = {
						CreatedOnToolsVersion = 10.0;
					};
				};
			};
			buildConfigurationList = DDC14F602178D7CC00043214 /* Build configuration list for PBXProject "iOS Triva Game" */;
			compatibilityVersion = "Xcode 9.3";
			developmentRegion = en;
			hasScannedForEncodings = 0;
			knownRegions = (
				en,
				Base,
			);
			mainGroup = DDC14F5C2178D7CC00043214;
			productRefGroup = DDC14F662178D7CC00043214 /* Products */;
			projectDirPath = "";
			projectRoot = "";
			targets = (
				DDC14F642178D7CC00043214 /* iOS Triva Game */,
			);
		};
/* End PBXProject section */

/* Begin PBXResourcesBuildPhase section */
		DDC14F632178D7CC00043214 /* Resources */ = {
			isa = PBXResourcesBuildPhase;
			buildActionMask = 2147483647;
			files = (
				DDC14F732178D7CE00043214 /* LaunchScreen.storyboard in Resources */,
				DDC14F702178D7CE00043214 /* Assets.xcassets in Resources */,
				DDC14F6E2178D7CC00043214 /* Main.storyboard in Resources */,
			);
			runOnlyForDeploymentPostprocessing = 0;
		};
/* End PBXResourcesBuildPhase section */

/* Begin PBXSourcesBuildPhase section */
		DDC14F612178D7CC00043214 /* Sources */ = {
			isa = PBXSourcesBuildPhase;
			buildActionMask = 2147483647;
			files = (
				DDC14F7D217A2B6B00043214 /* QuestionClass.swift in Sources */,
				DDC14F7B217A2A9B00043214 /* AddQuestionViewControlerViewController.swift in Sources */,
				DDC14F6B2178D7CC00043214 /* ViewController.swift in Sources */,
				DDC14F692178D7CC00043214 /* AppDelegate.swift in Sources */,
			);
			runOnlyForDeploymentPostprocessing = 0;
		};
/* End PBXSourcesBuildPhase section */

/* Begin PBXVariantGroup section */
		DDC14F6C2178D7CC00043214 /* Main.storyboard */ = {
			isa = PBXVariantGroup;
			children = (
				DDC14F6D2178D7CC00043214 /* Base */,
			);
			name = Main.storyboard;
			sourceTree = "<group>";
		};
		DDC14F712178D7CE00043214 /* LaunchScreen.storyboard */ = {
			isa = PBXVariantGroup;
			children = (
				DDC14F722178D7CE00043214 /* Base */,
			);
			name = LaunchScreen.storyboard;
			sourceTree = "<group>";
		};
/* End PBXVariantGroup section */

/* Begin XCBuildConfiguration section */
		DDC14F752178D7CE00043214 /* Debug */ = {
			isa = XCBuildConfiguration;
			buildSettings = {
				ALWAYS_SEARCH_USER_PATHS = NO;
				CLANG_ANALYZER_NONNULL = YES;
				CLANG_ANALYZER_NUMBER_OBJECT_CONVERSION = YES_AGGRESSIVE;
				CLANG_CXX_LANGUAGE_STANDARD = "gnu++14";
				CLANG_CXX_LIBRARY = "libc++";
				CLANG_ENABLE_MODULES = YES;
				CLANG_ENABLE_OBJC_ARC = YES;
				CLANG_ENABLE_OBJC_WEAK = YES;
				CLANG_WARN_BLOCK_CAPTURE_AUTORELEASING = YES;
				CLANG_WARN_BOOL_CONVERSION = YES;
				CLANG_WARN_COMMA = YES;
				CLANG_WARN_CONSTANT_CONVERSION = YES;
				CLANG_WARN_DEPRECATED_OBJC_IMPLEMENTATIONS = YES;
				CLANG_WARN_DIRECT_OBJC_ISA_USAGE = YES_ERROR;
				CLANG_WARN_DOCUMENTATION_COMMENTS = YES;
				CLANG_WARN_EMPTY_BODY = YES;
				CLANG_WARN_ENUM_CONVERSION = YES;
				CLANG_WARN_INFINITE_RECURSION = YES;
				CLANG_WARN_INT_CONVERSION = YES;
				CLANG_WARN_NON_LITERAL_NULL_CONVERSION = YES;
				CLANG_WARN_OBJC_IMPLICIT_RETAIN_SELF = YES;
				CLANG_WARN_OBJC_LITERAL_CONVERSION = YES;
				CLANG_WARN_OBJC_ROOT_CLASS = YES_ERROR;
				CLANG_WARN_RANGE_LOOP_ANALYSIS = YES;
				CLANG_WARN_STRICT_PROTOTYPES = YES;
				CLANG_WARN_SUSPICIOUS_MOVE = YES;
				CLANG_WARN_UNGUARDED_AVAILABILITY = YES_AGGRESSIVE;
				CLANG_WARN_UNREACHABLE_CODE = YES;
				CLANG_WARN__DUPLICATE_METHOD_MATCH = YES;
				CODE_SIGN_IDENTITY = "iPhone Developer";
				COPY_PHASE_STRIP = NO;
				DEBUG_INFORMATION_FORMAT = dwarf;
				ENABLE_STRICT_OBJC_MSGSEND = YES;
				ENABLE_TESTABILITY = YES;
				GCC_C_LANGUAGE_STANDARD = gnu11;
				GCC_DYNAMIC_NO_PIC = NO;
				GCC_NO_COMMON_BLOCKS = YES;
				GCC_OPTIMIZATION_LEVEL = 0;
				GCC_PREPROCESSOR_DEFINITIONS = (
					"DEBUG=1",
					"$(inherited)",
				);
				GCC_WARN_64_TO_32_BIT_CONVERSION = YES;
				GCC_WARN_ABOUT_RETURN_TYPE = YES_ERROR;
				GCC_WARN_UNDECLARED_SELECTOR = YES;
				GCC_WARN_UNINITIALIZED_AUTOS = YES_AGGRESSIVE;
				GCC_WARN_UNUSED_FUNCTION = YES;
				GCC_WARN_UNUSED_VARIABLE = YES;
				IPHONEOS_DEPLOYMENT_TARGET = 12.0;
				MTL_ENABLE_DEBUG_INFO = INCLUDE_SOURCE;
				MTL_FAST_MATH = YES;
				ONLY_ACTIVE_ARCH = YES;
				SDKROOT = iphoneos;
				SWIFT_ACTIVE_COMPILATION_CONDITIONS = DEBUG;
				SWIFT_OPTIMIZATION_LEVEL = "-Onone";
			};
			name = Debug;
		};
		DDC14F762178D7CE00043214 /* Release */ = {
			isa = XCBuildConfiguration;
			buildSettings = {
				ALWAYS_SEARCH_USER_PATHS = NO;
				CLANG_ANALYZER_NONNULL = YES;
				CLANG_ANALYZER_NUMBER_OBJECT_CONVERSION = YES_AGGRESSIVE;
				CLANG_CXX_LANGUAGE_STANDARD = "gnu++14";
				CLANG_CXX_LIBRARY = "libc++";
				CLANG_ENABLE_MODULES = YES;
				CLANG_ENABLE_OBJC_ARC = YES;
				CLANG_ENABLE_OBJC_WEAK = YES;
				CLANG_WARN_BLOCK_CAPTURE_AUTORELEASING = YES;
				CLANG_WARN_BOOL_CONVERSION = YES;
				CLANG_WARN_COMMA = YES;
				CLANG_WARN_CONSTANT_CONVERSION = YES;
				CLANG_WARN_DEPRECATED_OBJC_IMPLEMENTATIONS = YES;
				CLANG_WARN_DIRECT_OBJC_ISA_USAGE = YES_ERROR;
				CLANG_WARN_DOCUMENTATION_COMMENTS = YES;
				CLANG_WARN_EMPTY_BODY = YES;
				CLANG_WARN_ENUM_CONVERSION = YES;
				CLANG_WARN_INFINITE_RECURSION = YES;
				CLANG_WARN_INT_CONVERSION = YES;
				CLANG_WARN_NON_LITERAL_NULL_CONVERSION = YES;
				CLANG_WARN_OBJC_IMPLICIT_RETAIN_SELF = YES;
				CLANG_WARN_OBJC_LITERAL_CONVERSION = YES;
				CLANG_WARN_OBJC_ROOT_CLASS = YES_ERROR;
				CLANG_WARN_RANGE_LOOP_ANALYSIS = YES;
				CLANG_WARN_STRICT_PROTOTYPES = YES;
				CLANG_WARN_SUSPICIOUS_MOVE = YES;
				CLANG_WARN_UNGUARDED_AVAILABILITY = YES_AGGRESSIVE;
				CLANG_WARN_UNREACHABLE_CODE = YES;
				CLANG_WARN__DUPLICATE_METHOD_MATCH = YES;
				CODE_SIGN_IDENTITY = "iPhone Developer";
				COPY_PHASE_STRIP = NO;
				DEBUG_INFORMATION_FORMAT = "dwarf-with-dsym";
				ENABLE_NS_ASSERTIONS = NO;
				ENABLE_STRICT_OBJC_MSGSEND = YES;
				GCC_C_LANGUAGE_STANDARD = gnu11;
				GCC_NO_COMMON_BLOCKS = YES;
				GCC_WARN_64_TO_32_BIT_CONVERSION = YES;
				GCC_WARN_ABOUT_RETURN_TYPE = YES_ERROR;
				GCC_WARN_UNDECLARED_SELECTOR = YES;
				GCC_WARN_UNINITIALIZED_AUTOS = YES_AGGRESSIVE;
				GCC_WARN_UNUSED_FUNCTION = YES;
				GCC_WARN_UNUSED_VARIABLE = YES;
				IPHONEOS_DEPLOYMENT_TARGET = 12.0;
				MTL_ENABLE_DEBUG_INFO = NO;
				MTL_FAST_MATH = YES;
				SDKROOT = iphoneos;
				SWIFT_COMPILATION_MODE = wholemodule;
				SWIFT_OPTIMIZATION_LEVEL = "-O";
				VALIDATE_PRODUCT = YES;
			};
			name = Release;
		};
		DDC14F782178D7CE00043214 /* Debug */ = {
			isa = XCBuildConfiguration;
			buildSettings = {
				ASSETCATALOG_COMPILER_APPICON_NAME = AppIcon;
				CODE_SIGN_STYLE = Automatic;
				INFOPLIST_FILE = "iOS Triva Game/Info.plist";
				LD_RUNPATH_SEARCH_PATHS = (
					"$(inherited)",
					"@executable_path/Frameworks",
				);
				PRODUCT_BUNDLE_IDENTIFIER = "com.christian-lamb.iOS-Triva-Game";
				PRODUCT_NAME = "$(TARGET_NAME)";
				SWIFT_VERSION = 4.2;
				TARGETED_DEVICE_FAMILY = "1,2";
			};
			name = Debug;
		};
		DDC14F792178D7CE00043214 /* Release */ = {
			isa = XCBuildConfiguration;
			buildSettings = {
				ASSETCATALOG_COMPILER_APPICON_NAME = AppIcon;
				CODE_SIGN_STYLE = Automatic;
				INFOPLIST_FILE = "iOS Triva Game/Info.plist";
				LD_RUNPATH_SEARCH_PATHS = (
					"$(inherited)",
					"@executable_path/Frameworks",
				);
				PRODUCT_BUNDLE_IDENTIFIER = "com.christian-lamb.iOS-Triva-Game";
				PRODUCT_NAME = "$(TARGET_NAME)";
				SWIFT_VERSION = 4.2;
				TARGETED_DEVICE_FAMILY = "1,2";
			};
			name = Release;
		};
/* End XCBuildConfiguration section */

/* Begin XCConfigurationList section */
		DDC14F602178D7CC00043214 /* Build configuration list for PBXProject "iOS Triva Game" */ = {
			isa = XCConfigurationList;
			buildConfigurations = (
				DDC14F752178D7CE00043214 /* Debug */,
				DDC14F762178D7CE00043214 /* Release */,
			);
			defaultConfigurationIsVisible = 0;
			defaultConfigurationName = Release;
		};
		DDC14F772178D7CE00043214 /* Build configuration list for PBXNativeTarget "iOS Triva Game" */ = {
			isa = XCConfigurationList;
			buildConfigurations = (
				DDC14F782178D7CE00043214 /* Debug */,
				DDC14F792178D7CE00043214 /* Release */,
			);
			defaultConfigurationIsVisible = 0;
			defaultConfigurationName = Release;
		};
/* End XCConfigurationList section */
	};
	rootObject = DDC14F5D2178D7CC00043214 /* Project object */;
}
